
Microsoft Visual Studio Solution File, Format Version 12.00
# Visual Studio 2013
VisualStudioVersion = 12.0.31101.0
MinimumVisualStudioVersion = 10.0.40219.1
Project("{FAE04EC0-301F-11D3-BF4B-00C04F79EFBC}") = "NfxLab.Dashboard", "NfxLab.Dashboard\NfxLab.Dashboard.csproj", "{0A898167-34DD-4EAB-9F33-1F2C9895BFFF}"
EndProject
Project("{2150E333-8FDC-42A3-9474-1A3956D46DE8}") = ".nuget", ".nuget", "{78E92348-7ACD-4F8F-B5B4-A6CD067F889C}"
	ProjectSection(SolutionItems) = preProject
		.nuget\packages.config = .nuget\packages.config
	EndProjectSection
EndProject
Global
	GlobalSection(SolutionConfigurationPlatforms) = preSolution
		Debug|Any CPU = Debug|Any CPU
		Release|Any CPU = Release|Any CPU
	EndGlobalSection
	GlobalSection(ProjectConfigurationPlatforms) = postSolution
		{0A898167-34DD-4EAB-9F33-1F2C9895BFFF}.Debug|Any CPU.ActiveCfg = Debug|Any CPU
		{0A898167-34DD-4EAB-9F33-1F2C9895BFFF}.Debug|Any CPU.Build.0 = Debug|Any CPU
		{0A898167-34DD-4EAB-9F33-1F2C9895BFFF}.Release|Any CPU.ActiveCfg = Release|Any CPU
		{0A898167-34DD-4EAB-9F33-1F2C9895BFFF}.Release|Any CPU.Build.0 = Release|Any CPU
	EndGlobalSection
	GlobalSection(SolutionProperties) = preSolution
		HideSolutionNode = FALSE
	EndGlobalSection
EndGlobal
